
Microsoft Visual Studio Solution File, Format Version 12.00
# Visual Studio Version 16
VisualStudioVersion = 16.0.30621.155
MinimumVisualStudioVersion = 10.0.40219.1
Project("{9A19103F-16F7-4668-BE54-9A1E7A4F7556}") = "MidiBard", "Midibard\MidiBard.csproj", "{07727526-FA4F-435C-85BF-2DE96BD41470}"
EndProject
Global
	GlobalSection(SolutionConfigurationPlatforms) = preSolution
		Debug|Any CPU = Debug|Any CPU
		Release|Any CPU = Release|Any CPU
	EndGlobalSection
	GlobalSection(ProjectConfigurationPlatforms) = postSolution
		{07727526-FA4F-435C-85BF-2DE96BD41470}.Debug|Any CPU.ActiveCfg = Debug|Any CPU
		{07727526-FA4F-435C-85BF-2DE96BD41470}.Debug|Any CPU.Build.0 = Debug|Any CPU
		{07727526-FA4F-435C-85BF-2DE96BD41470}.Release|Any CPU.ActiveCfg = Release|Any CPU
		{07727526-FA4F-435C-85BF-2DE96BD41470}.Release|Any CPU.Build.0 = Release|Any CPU
	EndGlobalSection
	GlobalSection(SolutionProperties) = preSolution
		HideSolutionNode = FALSE
	EndGlobalSection
	GlobalSection(ExtensibilityGlobals) = postSolution
		SolutionGuid = {5A46B208-8464-4CDA-BF03-714B4070FE9E}
	EndGlobalSection
EndGlobal
